
Microsoft Visual Studio Solution File, Format Version 12.00
# Visual Studio 15
VisualStudioVersion = 15.0.28010.2046
MinimumVisualStudioVersion = 10.0.40219.1
Project("{FAE04EC0-301F-11D3-BF4B-00C04F79EFBC}") = "MyTestClasses", "MyTestClasses\MyTestClasses.csproj", "{C0DD5D6A-8490-4CFD-915D-05CC1CFA95E2}"
EndProject
Project("{FAE04EC0-301F-11D3-BF4B-00C04F79EFBC}") = "MyTestClassesTest", "MyTestClassesTest\MyTestClassesTest.csproj", "{913C0847-FDB4-4038-A698-4A8899F2C47E}"
EndProject
Global
	GlobalSection(SolutionConfigurationPlatforms) = preSolution
		Debug|Any CPU = Debug|Any CPU
		Release|Any CPU = Release|Any CPU
	EndGlobalSection
	GlobalSection(ProjectConfigurationPlatforms) = postSolution
		{C0DD5D6A-8490-4CFD-915D-05CC1CFA95E2}.Debug|Any CPU.ActiveCfg = Debug|Any CPU
		{C0DD5D6A-8490-4CFD-915D-05CC1CFA95E2}.Debug|Any CPU.Build.0 = Debug|Any CPU
		{C0DD5D6A-8490-4CFD-915D-05CC1CFA95E2}.Release|Any CPU.ActiveCfg = Release|Any CPU
		{C0DD5D6A-8490-4CFD-915D-05CC1CFA95E2}.Release|Any CPU.Build.0 = Release|Any CPU
		{913C0847-FDB4-4038-A698-4A8899F2C47E}.Debug|Any CPU.ActiveCfg = Debug|Any CPU
		{913C0847-FDB4-4038-A698-4A8899F2C47E}.Debug|Any CPU.Build.0 = Debug|Any CPU
		{913C0847-FDB4-4038-A698-4A8899F2C47E}.Release|Any CPU.ActiveCfg = Release|Any CPU
		{913C0847-FDB4-4038-A698-4A8899F2C47E}.Release|Any CPU.Build.0 = Release|Any CPU
	EndGlobalSection
	GlobalSection(SolutionProperties) = preSolution
		HideSolutionNode = FALSE
	EndGlobalSection
	GlobalSection(ExtensibilityGlobals) = postSolution
		SolutionGuid = {692677E5-99F2-4633-AE90-A5D3E3FF53B2}
	EndGlobalSection
EndGlobal
