
Microsoft Visual Studio Solution File, Format Version 12.00
# Visual Studio 15
VisualStudioVersion = 15.0.28010.2046
MinimumVisualStudioVersion = 10.0.40219.1
Project("{FAE04EC0-301F-11D3-BF4B-00C04F79EFBC}") = "Stacks.Library", "Stacks.Library\Stacks.Library.csproj", "{A0109A6C-E29F-4231-9247-EF9E52FF35FF}"
EndProject
Project("{FAE04EC0-301F-11D3-BF4B-00C04F79EFBC}") = "Stacks.Tests", "Stacks.Tests\Stacks.Tests.csproj", "{4B194F03-E67F-45F9-B6D4-F2B379AEA8C7}"
EndProject
Global
	GlobalSection(SolutionConfigurationPlatforms) = preSolution
		Debug|Any CPU = Debug|Any CPU
		Release|Any CPU = Release|Any CPU
	EndGlobalSection
	GlobalSection(ProjectConfigurationPlatforms) = postSolution
		{A0109A6C-E29F-4231-9247-EF9E52FF35FF}.Debug|Any CPU.ActiveCfg = Debug|Any CPU
		{A0109A6C-E29F-4231-9247-EF9E52FF35FF}.Debug|Any CPU.Build.0 = Debug|Any CPU
		{A0109A6C-E29F-4231-9247-EF9E52FF35FF}.Release|Any CPU.ActiveCfg = Release|Any CPU
		{A0109A6C-E29F-4231-9247-EF9E52FF35FF}.Release|Any CPU.Build.0 = Release|Any CPU
		{4B194F03-E67F-45F9-B6D4-F2B379AEA8C7}.Debug|Any CPU.ActiveCfg = Debug|Any CPU
		{4B194F03-E67F-45F9-B6D4-F2B379AEA8C7}.Debug|Any CPU.Build.0 = Debug|Any CPU
		{4B194F03-E67F-45F9-B6D4-F2B379AEA8C7}.Release|Any CPU.ActiveCfg = Release|Any CPU
		{4B194F03-E67F-45F9-B6D4-F2B379AEA8C7}.Release|Any CPU.Build.0 = Release|Any CPU
	EndGlobalSection
	GlobalSection(SolutionProperties) = preSolution
		HideSolutionNode = FALSE
	EndGlobalSection
	GlobalSection(ExtensibilityGlobals) = postSolution
		SolutionGuid = {3399CEDB-A7CE-4648-9080-7F09C1D54191}
	EndGlobalSection
EndGlobal
