
Microsoft Visual Studio Solution File, Format Version 12.00
# Visual Studio 15
VisualStudioVersion = 15.0.28010.2046
MinimumVisualStudioVersion = 10.0.40219.1
Project("{FAE04EC0-301F-11D3-BF4B-00C04F79EFBC}") = "FizzBuzz.Tests", "FizzBuzz.Tests\FizzBuzz.Tests.csproj", "{AE1505DA-1FE8-4D0A-8E42-725386171751}"
EndProject
Project("{FAE04EC0-301F-11D3-BF4B-00C04F79EFBC}") = "FizzBuzz.Library", "FizzBuzz.Library\FizzBuzz.Library.csproj", "{2BA78457-B111-4EA3-90B3-3611C578BBC2}"
EndProject
Global
	GlobalSection(SolutionConfigurationPlatforms) = preSolution
		Debug|Any CPU = Debug|Any CPU
		Release|Any CPU = Release|Any CPU
	EndGlobalSection
	GlobalSection(ProjectConfigurationPlatforms) = postSolution
		{AE1505DA-1FE8-4D0A-8E42-725386171751}.Debug|Any CPU.ActiveCfg = Debug|Any CPU
		{AE1505DA-1FE8-4D0A-8E42-725386171751}.Debug|Any CPU.Build.0 = Debug|Any CPU
		{AE1505DA-1FE8-4D0A-8E42-725386171751}.Release|Any CPU.ActiveCfg = Release|Any CPU
		{AE1505DA-1FE8-4D0A-8E42-725386171751}.Release|Any CPU.Build.0 = Release|Any CPU
		{2BA78457-B111-4EA3-90B3-3611C578BBC2}.Debug|Any CPU.ActiveCfg = Debug|Any CPU
		{2BA78457-B111-4EA3-90B3-3611C578BBC2}.Debug|Any CPU.Build.0 = Debug|Any CPU
		{2BA78457-B111-4EA3-90B3-3611C578BBC2}.Release|Any CPU.ActiveCfg = Release|Any CPU
		{2BA78457-B111-4EA3-90B3-3611C578BBC2}.Release|Any CPU.Build.0 = Release|Any CPU
	EndGlobalSection
	GlobalSection(SolutionProperties) = preSolution
		HideSolutionNode = FALSE
	EndGlobalSection
	GlobalSection(ExtensibilityGlobals) = postSolution
		SolutionGuid = {9D812561-8781-44C1-B3C3-A34087C31A24}
	EndGlobalSection
EndGlobal
